{
  "meteor": {},
  "dependencies": {
    "basePackages": {
      "font-awesome": {},
      "iron-router": {},
      "iron-router-progress": {},
      "accounts-entry": {},
      "percolatestudio-migrations": {}
    },
    "packages": {
      "font-awesome": {
        "git": "https://github.com/nate-strauser/meteor-font-awesome.git",
        "tag": "v4.0.3",
        "commit": "61e9361384347547ae144f8228faa4deffda23db"
      },
      "iron-router": {
        "git": "https://github.com/EventedMind/iron-router.git",
        "tag": "v0.7.0",
        "commit": "05f34bc48c4cad9fdaa366c1ddcabe6980232ece"
      },
      "iron-router-progress": {
        "git": "https://github.com/Multiply/iron-router-progress.git",
        "tag": "v0.3.1",
        "commit": "3f7900feb4bb70a1289b39a1fdcd1f438c0335b3"
      },
      "accounts-entry": {
        "git": "https://github.com/Differential/accounts-entry.git",
        "tag": "v0.7.2",
        "commit": "cda8617139b5edd79a52023986bfecb48e4b9dc4"
      },
      "percolatestudio-migrations": {
        "git": "https://github.com/percolatestudio/meteor-migrations.git",
        "tag": "v0.6.0",
        "commit": "baa77d4c121f6f06b6aa142ee11f71ace8795f7f"
      },
      "blaze-layout": {
        "git": "https://github.com/EventedMind/blaze-layout.git",
        "tag": "v0.2.2",
        "commit": "8bc53798fe5965669ae67c72f91829fcfdceabfd"
      },
      "just-i18n": {
        "git": "https://github.com/subhog/meteor-just-i18n.git",
        "tag": "v0.2.4",
        "commit": "91decfcf5b3b5e67f202a67658350b862330bf3d"
      },
      "accounts-t9n": {
        "git": "https://github.com/softwarerero/meteor-accounts-t9n.git",
        "tag": "v0.0.3",
        "commit": "d1710f979d6955459d9ce0374df81d22c3c6a6ab"
      }
    }
  }
}
