{
  "meteor": {},
  "dependencies": {
    "basePackages": {
      "foundation-5": {},
      "font-awesome": {},
      "iron-router": {},
      "mocha-web": {}
    },
    "packages": {
      "foundation-5": {
        "git": "https://github.com/menuet/meteor-foundation-5.git",
        "tag": "v5.0.3.5",
        "commit": "8bc2219c0c7f3d68ca0a8d15a066db55b52f0aa4"
      },
      "font-awesome": {
        "git": "https://github.com/nate-strauser/meteor-font-awesome.git",
        "tag": "v4.0.3",
        "commit": "61e9361384347547ae144f8228faa4deffda23db"
      },
      "iron-router": {
        "git": "https://github.com/EventedMind/iron-router.git",
        "tag": "v0.6.4",
        "commit": "927bbaed1b87894fb6fb70807f74ff3a5bd89f29"
      },
      "mocha-web": {
        "git": "https://github.com/mad-eye/meteor-mocha-web.git",
        "tag": "v0.2.2",
        "commit": "cc58d823457944334ed70e2569147856bbc2ef66"
      },
      "jquery": {
        "git": "https://github.com/nrafter/meteor-jquery.git",
        "tag": "v2.0.3",
        "commit": "8e8b556f39e1549d03abeebcc2d93083670ae200"
      }
    }
  }
}
